lockfileVersion: '9.0'

settings:
  autoInstallPeers: true
  excludeLinksFromLockfile: false

importers:

  .:
    dependencies:
      omelette:
        specifier: ^0.4.17
        version: 0.4.17

packages:

  omelette@0.4.17:
    resolution: {integrity: sha512-UlU69G6Bhu0XFjw3tjFZ0qyiMUjAOR+rdzblA1nLQ8xiqFtxOVlkhM39BlgTpLFx9fxkm6rnxNNRsS5GxE/yww==}
    engines: {node: '>=0.8.0'}

snapshots:

  omelette@0.4.17: {}
